<?xml version="1.0" encoding="utf-8"?>
<Project ToolsVersion="4.0" xmlns="http://schemas.microsoft.com/developer/msbuild/2003">
  <ItemGroup>
    <Filter Include="Source Files">
      <UniqueIdentifier>{2355bcd0-8cfa-4038-b5e1-48d86c3d0b31}</UniqueIdentifier>
      <Extensions>cpp;c;cxx;rc;def;r;odl;idl;hpj;bat</Extensions>
    </Filter>
    <Filter Include="Header Files">
      <UniqueIdentifier>{2348ecee-6897-4a82-8913-a82331838858}</UniqueIdentifier>
      <Extensions>h;hpp;hxx;hm;inl</Extensions>
    </Filter>
    <Filter Include="Resource Files">
      <UniqueIdentifier>{f14b629d-b7a9-4308-9ba4-e058340b2d96}</UniqueIdentifier>
      <Extensions>ico;cur;bmp;dlg;rc2;rct;bin;rgs;gif;jpg;jpeg;jpe</Extensions>
    </Filter>
  </ItemGroup>
  <ItemGroup>
    <ClCompile Include="About.cpp">
      <Filter>Source Files</Filter>
    </ClCompile>
    <ClCompile Include="MMMedia.cpp">
      <Filter>Source Files</Filter>
    </ClCompile>
    <ClCompile Include="MMMediaDlg.cpp">
      <Filter>Source Files</Filter>
    </ClCompile>
    <ClCompile Include="StdAfx.cpp">
      <Filter>Source Files</Filter>
    </ClCompile>
    <ClCompile Include="wmpcdrom.cpp">
      <Filter>Source Files</Filter>
    </ClCompile>
    <ClCompile Include="wmpcdromcollection.cpp">
      <Filter>Source Files</Filter>
    </ClCompile>
    <ClCompile Include="wmpclosedcaption.cpp">
      <Filter>Source Files</Filter>
    </ClCompile>
    <ClCompile Include="wmpcontrols.cpp">
      <Filter>Source Files</Filter>
    </ClCompile>
    <ClCompile Include="wmpdvd.cpp">
      <Filter>Source Files</Filter>
    </ClCompile>
    <ClCompile Include="wmperror.cpp">
      <Filter>Source Files</Filter>
    </ClCompile>
    <ClCompile Include="wmperroritem.cpp">
      <Filter>Source Files</Filter>
    </ClCompile>
    <ClCompile Include="wmpmedia.cpp">
      <Filter>Source Files</Filter>
    </ClCompile>
    <ClCompile Include="wmpmediacollection.cpp">
      <Filter>Source Files</Filter>
    </ClCompile>
    <ClCompile Include="wmpnetwork.cpp">
      <Filter>Source Files</Filter>
    </ClCompile>
    <ClCompile Include="wmpplayer4.cpp">
      <Filter>Source Files</Filter>
    </ClCompile>
    <ClCompile Include="wmpplayerapplication.cpp">
      <Filter>Source Files</Filter>
    </ClCompile>
    <ClCompile Include="wmpplaylist.cpp">
      <Filter>Source Files</Filter>
    </ClCompile>
    <ClCompile Include="wmpplaylistarray.cpp">
      <Filter>Source Files</Filter>
    </ClCompile>
    <ClCompile Include="wmpplaylistcollection.cpp">
      <Filter>Source Files</Filter>
    </ClCompile>
    <ClCompile Include="wmpsettings.cpp">
      <Filter>Source Files</Filter>
    </ClCompile>
    <ClCompile Include="wmpstringcollection.cpp">
      <Filter>Source Files</Filter>
    </ClCompile>
  </ItemGroup>
  <ItemGroup>
    <ResourceCompile Include="MMMedia.rc">
      <Filter>Source Files</Filter>
    </ResourceCompile>
  </ItemGroup>
  <ItemGroup>
    <ClInclude Include="About.h">
      <Filter>Header Files</Filter>
    </ClInclude>
    <ClInclude Include="MMMedia.h">
      <Filter>Header Files</Filter>
    </ClInclude>
    <ClInclude Include="MMMediaDlg.h">
      <Filter>Header Files</Filter>
    </ClInclude>
    <ClInclude Include="Resource.h">
      <Filter>Header Files</Filter>
    </ClInclude>
    <ClInclude Include="StdAfx.h">
      <Filter>Header Files</Filter>
    </ClInclude>
    <ClInclude Include="wmpcdrom.h">
      <Filter>Header Files</Filter>
    </ClInclude>
    <ClInclude Include="wmpcdromcollection.h">
      <Filter>Header Files</Filter>
    </ClInclude>
    <ClInclude Include="wmpclosedcaption.h">
      <Filter>Header Files</Filter>
    </ClInclude>
    <ClInclude Include="wmpcontrols.h">
      <Filter>Header Files</Filter>
    </ClInclude>
    <ClInclude Include="wmpdvd.h">
      <Filter>Header Files</Filter>
    </ClInclude>
    <ClInclude Include="wmperror.h">
      <Filter>Header Files</Filter>
    </ClInclude>
    <ClInclude Include="wmperroritem.h">
      <Filter>Header Files</Filter>
    </ClInclude>
    <ClInclude Include="wmpmedia.h">
      <Filter>Header Files</Filter>
    </ClInclude>
    <ClInclude Include="wmpmediacollection.h">
      <Filter>Header Files</Filter>
    </ClInclude>
    <ClInclude Include="wmpnetwork.h">
      <Filter>Header Files</Filter>
    </ClInclude>
    <ClInclude Include="wmpplayer4.h">
      <Filter>Header Files</Filter>
    </ClInclude>
    <ClInclude Include="wmpplayerapplication.h">
      <Filter>Header Files</Filter>
    </ClInclude>
    <ClInclude Include="wmpplaylist.h">
      <Filter>Header Files</Filter>
    </ClInclude>
    <ClInclude Include="wmpplaylistarray.h">
      <Filter>Header Files</Filter>
    </ClInclude>
    <ClInclude Include="wmpplaylistcollection.h">
      <Filter>Header Files</Filter>
    </ClInclude>
    <ClInclude Include="wmpsettings.h">
      <Filter>Header Files</Filter>
    </ClInclude>
    <ClInclude Include="wmpstringcollection.h">
      <Filter>Header Files</Filter>
    </ClInclude>
  </ItemGroup>
  <ItemGroup>
    <CustomBuild Include="res\divx.ico">
      <Filter>Resource Files</Filter>
    </CustomBuild>
    <CustomBuild Include="res\MMMedia.ico">
      <Filter>Resource Files</Filter>
    </CustomBuild>
    <CustomBuild Include="res\MMMedia.rc2">
      <Filter>Resource Files</Filter>
    </CustomBuild>
    <CustomBuild Include="ReadMe.txt" />
  </ItemGroup>
</Project>